
Microsoft Visual Studio Solution File, Format Version 12.00
# Visual Studio Version 16
VisualStudioVersion = 16.0.30309.148
MinimumVisualStudioVersion = 10.0.40219.1
Project("{888888A0-9F3D-457C-B088-3A5042F75D52}") = "LAFG", "LAFG\LAFG.pyproj", "{D4C9A0D0-87FD-4188-8798-6C259A732545}"
EndProject
Global
	GlobalSection(SolutionConfigurationPlatforms) = preSolution
		Debug|Any CPU = Debug|Any CPU
		Release|Any CPU = Release|Any CPU
	EndGlobalSection
	GlobalSection(ProjectConfigurationPlatforms) = postSolution
		{D4C9A0D0-87FD-4188-8798-6C259A732545}.Debug|Any CPU.ActiveCfg = Debug|Any CPU
		{D4C9A0D0-87FD-4188-8798-6C259A732545}.Debug|Any CPU.Build.0 = Debug|Any CPU
		{D4C9A0D0-87FD-4188-8798-6C259A732545}.Release|Any CPU.ActiveCfg = Release|Any CPU
		{D4C9A0D0-87FD-4188-8798-6C259A732545}.Release|Any CPU.Build.0 = Release|Any CPU
	EndGlobalSection
	GlobalSection(SolutionProperties) = preSolution
		HideSolutionNode = FALSE
	EndGlobalSection
	GlobalSection(ExtensibilityGlobals) = postSolution
		SolutionGuid = {06C28AEE-D79F-463A-B79D-736EAD3CDD66}
	EndGlobalSection
EndGlobal
